
Microsoft Visual Studio Solution File, Format Version 12.00
# Visual Studio Version 16
VisualStudioVersion = 16.0.30907.101
MinimumVisualStudioVersion = 10.0.40219.1
Project("{9A19103F-16F7-4668-BE54-9A1E7A4F7556}") = "EmployeeManagementMVC", "EmployeeManagementMVC\EmployeeManagementMVC.csproj", "{534505A0-E773-4D20-85D0-82F29CEBD35D}"
EndProject
Project("{FAE04EC0-301F-11D3-BF4B-00C04F79EFBC}") = "EmployeeManagementTest", "EmployeeManagementTest\EmployeeManagementTest.csproj", "{02343BE1-C754-4B43-8F5B-8AEF4F142F99}"
EndProject
Global
	GlobalSection(SolutionConfigurationPlatforms) = preSolution
		Debug|Any CPU = Debug|Any CPU
		Release|Any CPU = Release|Any CPU
	EndGlobalSection
	GlobalSection(ProjectConfigurationPlatforms) = postSolution
		{534505A0-E773-4D20-85D0-82F29CEBD35D}.Debug|Any CPU.ActiveCfg = Debug|Any CPU
		{534505A0-E773-4D20-85D0-82F29CEBD35D}.Debug|Any CPU.Build.0 = Debug|Any CPU
		{534505A0-E773-4D20-85D0-82F29CEBD35D}.Release|Any CPU.ActiveCfg = Release|Any CPU
		{534505A0-E773-4D20-85D0-82F29CEBD35D}.Release|Any CPU.Build.0 = Release|Any CPU
		{02343BE1-C754-4B43-8F5B-8AEF4F142F99}.Debug|Any CPU.ActiveCfg = Debug|Any CPU
		{02343BE1-C754-4B43-8F5B-8AEF4F142F99}.Debug|Any CPU.Build.0 = Debug|Any CPU
		{02343BE1-C754-4B43-8F5B-8AEF4F142F99}.Release|Any CPU.ActiveCfg = Release|Any CPU
		{02343BE1-C754-4B43-8F5B-8AEF4F142F99}.Release|Any CPU.Build.0 = Release|Any CPU
	EndGlobalSection
	GlobalSection(SolutionProperties) = preSolution
		HideSolutionNode = FALSE
	EndGlobalSection
	GlobalSection(ExtensibilityGlobals) = postSolution
		SolutionGuid = {29324442-D64C-4C4B-A14E-533B4BD2DC28}
	EndGlobalSection
EndGlobal
